
Microsoft Visual Studio Solution File, Format Version 12.00
# Visual Studio 15
VisualStudioVersion = 15.0.27428.2005
MinimumVisualStudioVersion = 10.0.40219.1
Project("{8BC9CEB8-8B4A-11D0-8D11-00A0C91BC942}") = "SnakeGameAssessment", "SnakeGameAssessment\SnakeGameAssessment.vcxproj", "{49089646-271B-4520-9DC4-784A16D0AD25}"
EndProject
Global
	GlobalSection(SolutionConfigurationPlatforms) = preSolution
		Debug|x64 = Debug|x64
		Debug|x86 = Debug|x86
		Release|x64 = Release|x64
		Release|x86 = Release|x86
	EndGlobalSection
	GlobalSection(ProjectConfigurationPlatforms) = postSolution
		{49089646-271B-4520-9DC4-784A16D0AD25}.Debug|x64.ActiveCfg = Debug|x64
		{49089646-271B-4520-9DC4-784A16D0AD25}.Debug|x64.Build.0 = Debug|x64
		{49089646-271B-4520-9DC4-784A16D0AD25}.Debug|x86.ActiveCfg = Debug|Win32
		{49089646-271B-4520-9DC4-784A16D0AD25}.Debug|x86.Build.0 = Debug|Win32
		{49089646-271B-4520-9DC4-784A16D0AD25}.Release|x64.ActiveCfg = Release|x64
		{49089646-271B-4520-9DC4-784A16D0AD25}.Release|x64.Build.0 = Release|x64
		{49089646-271B-4520-9DC4-784A16D0AD25}.Release|x86.ActiveCfg = Release|Win32
		{49089646-271B-4520-9DC4-784A16D0AD25}.Release|x86.Build.0 = Release|Win32
	EndGlobalSection
	GlobalSection(SolutionProperties) = preSolution
		HideSolutionNode = FALSE
	EndGlobalSection
	GlobalSection(ExtensibilityGlobals) = postSolution
		SolutionGuid = {38A07CC0-792E-46C9-A213-4B392108BABC}
	EndGlobalSection
EndGlobal
